
Microsoft Visual Studio Solution File, Format Version 12.00
# Visual Studio 15
VisualStudioVersion = 15.0.28010.2003
MinimumVisualStudioVersion = 10.0.40219.1
Project("{9A19103F-16F7-4668-BE54-9A1E7A4F7556}") = "Selenium", "Selenium\Selenium.csproj", "{BEF1BAB0-5FFB-4FC7-8AB4-E7ED3DF2A8C1}"
EndProject
Project("{2150E333-8FDC-42A3-9474-1A3956D46DE8}") = "Solution Items", "Solution Items", "{26565DA2-965C-474F-B27F-4C6F85A3CF13}"
	ProjectSection(SolutionItems) = preProject
		README.md = README.md
	EndProjectSection
EndProject
Project("{FAE04EC0-301F-11D3-BF4B-00C04F79EFBC}") = "Api", "Api\Api.csproj", "{8A96E98E-22CB-4BAC-8C23-E314A5AD31F4}"
EndProject
Global
	GlobalSection(SolutionConfigurationPlatforms) = preSolution
		Debug|Any CPU = Debug|Any CPU
		Release|Any CPU = Release|Any CPU
	EndGlobalSection
	GlobalSection(ProjectConfigurationPlatforms) = postSolution
		{BEF1BAB0-5FFB-4FC7-8AB4-E7ED3DF2A8C1}.Debug|Any CPU.ActiveCfg = Debug|Any CPU
		{BEF1BAB0-5FFB-4FC7-8AB4-E7ED3DF2A8C1}.Debug|Any CPU.Build.0 = Debug|Any CPU
		{BEF1BAB0-5FFB-4FC7-8AB4-E7ED3DF2A8C1}.Release|Any CPU.ActiveCfg = Release|Any CPU
		{BEF1BAB0-5FFB-4FC7-8AB4-E7ED3DF2A8C1}.Release|Any CPU.Build.0 = Release|Any CPU
		{8A96E98E-22CB-4BAC-8C23-E314A5AD31F4}.Debug|Any CPU.ActiveCfg = Debug|Any CPU
		{8A96E98E-22CB-4BAC-8C23-E314A5AD31F4}.Debug|Any CPU.Build.0 = Debug|Any CPU
		{8A96E98E-22CB-4BAC-8C23-E314A5AD31F4}.Release|Any CPU.ActiveCfg = Release|Any CPU
		{8A96E98E-22CB-4BAC-8C23-E314A5AD31F4}.Release|Any CPU.Build.0 = Release|Any CPU
	EndGlobalSection
	GlobalSection(SolutionProperties) = preSolution
		HideSolutionNode = FALSE
	EndGlobalSection
	GlobalSection(ExtensibilityGlobals) = postSolution
		SolutionGuid = {CE23A27A-5ED7-46F0-9A1A-7542C8A52FB3}
	EndGlobalSection
EndGlobal
